schema: '2.0'
stages:
  load_config:
    cmd: python src/data_loader.py
    deps:
    - path: params.yaml
      hash: md5
      md5: 34791eacf864ae659cd88c2ca1fcce4e
      size: 194
    outs:
    - path: data/processed/input_data.csv
      hash: md5
      md5: 6ba70da65ca7f88a5163bce5ad15faaf
      size: 778
